# THIS IS AN AUTOGENERATED FILE. DO NOT EDIT THIS FILE DIRECTLY.
# yarn lockfile v1


"@graphql-typed-document-node/core@^3.1.1":
  version "3.1.1"
  resolved "https://registry.yarnpkg.com/@graphql-typed-document-node/core/-/core-3.1.1.tgz#076d78ce99822258cf813ecc1e7fa460fa74d052"
  integrity sha512-NQ17ii0rK1b34VZonlmT2QMJFI70m0TRwbknO/ihlbatXyaktDhN/98vBiUU6kNBPljqGqyIrl2T4nY2RpFANg==

"@urql/core@>=3.0.0":
  version "3.0.3"
  resolved "https://registry.yarnpkg.com/@urql/core/-/core-3.0.3.tgz#da054babb4d4aed26dc4503806b310ba6dd6eea1"
  integrity sha512-raQP51ERNtg5BvlN8x8mHVRvk4K0ugWQ69n53BdkjKpXVV5kuWp7trnwriGv1fQKa8HuiGNSCfyslUucc0OVQg==
  dependencies:
    "@graphql-typed-document-node/core" "^3.1.1"
    wonka "^6.0.0"

"@urql/exchange-graphcache@^5.0.1":
  version "5.0.1"
  resolved "https://registry.yarnpkg.com/@urql/exchange-graphcache/-/exchange-graphcache-5.0.1.tgz#3c051d971ba79cccf4aadc2cf87b413c6682cbd3"
  integrity sha512-sbornx6SaAADycfEex0+npdJwhImSKa+76DAnOjF48wls5bYlG+ewDe0ipWdmV+gQ+t9SDFPLAHBzFURTlQacQ==
  dependencies:
    "@urql/core" ">=3.0.0"
    wonka "^6.0.0"

wonka@^6.0.0:
  version "6.1.0"
  resolved "https://registry.yarnpkg.com/wonka/-/wonka-6.1.0.tgz#65297ebf7031ae46d4b0c56da93950fb3ae5baaa"
  integrity sha512-VgiMCz7BXOiDbgpVhf5iNhK7hurteY5Jv0fDJewUkY0s4fbxQD2iKqfGxNXNTwp2v3bgT8QVu2l5H7YdkZ5WIA==
